// !$*UTF8*$!
{
	archiveVersion = 1;
	classes = {
	};
	objectVersion = 46;
	objects = {

/* Begin PBXBuildFile section */
		CC40F0561BECE69A0092877C /* hellp.c in Sources */ = {isa = PBXBuildFile; fileRef = CC40F0541BECE69A0092877C /* hellp.c */; };
		CC40F05F1BED78C50092877C /* ffm-predict.cpp in Sources */ = {isa = PBXBuildFile; fileRef = CC40F05A1BED78C50092877C /* ffm-predict.cpp */; };
		CC40F0601BED78C50092877C /* ffm-train.cpp in Sources */ = {isa = PBXBuildFile; fileRef = CC40F05B1BED78C50092877C /* ffm-train.cpp */; };
		CC40F0611BED78C50092877C /* ffm.cpp in Sources */ = {isa = PBXBuildFile; fileRef = CC40F05C1BED78C50092877C /* ffm.cpp */; };
		CC40F0621BED78C50092877C /* Makefile in Sources */ = {isa = PBXBuildFile; fileRef = CC40F05E1BED78C50092877C /* Makefile */; };
		CC40F0661BED87270092877C /* libiomp5.dylib in Frameworks */ = {isa = PBXBuildFile; fileRef = CC40F0651BED87270092877C /* libiomp5.dylib */; };
/* End PBXBuildFile section */

/* Begin PBXCopyFilesBuildPhase section */
		CC40F0481BECE6230092877C /* CopyFiles */ = {
			isa = PBXCopyFilesBuildPhase;
			buildActionMask = 2147483647;
			dstPath = /usr/share/man/man1/;
			dstSubfolderSpec = 0;
			files = (
			);
			runOnlyForDeploymentPostprocessing = 1;
		};
/* End PBXCopyFilesBuildPhase section */

/* Begin PBXFileReference section */
		CC40F04A1BECE6230092877C /* myOpenMP */ = {isa = PBXFileReference; explicitFileType = "compiled.mach-o.executable"; includeInIndex = 0; path = myOpenMP; sourceTree = BUILT_PRODUCTS_DIR; };
		CC40F0541BECE69A0092877C /* hellp.c */ = {isa = PBXFileReference; fileEncoding = 4; lastKnownFileType = sourcecode.c.c; path = hellp.c; sourceTree = "<group>"; };
		CC40F0551BECE69A0092877C /* hellp.h */ = {isa = PBXFileReference; fileEncoding = 4; lastKnownFileType = sourcecode.c.h; path = hellp.h; sourceTree = "<group>"; };
		CC40F0571BED78C50092877C /* bigdata.te.txt */ = {isa = PBXFileReference; fileEncoding = 4; lastKnownFileType = text; path = bigdata.te.txt; sourceTree = "<group>"; };
		CC40F0581BED78C50092877C /* bigdata.tr.txt */ = {isa = PBXFileReference; fileEncoding = 4; lastKnownFileType = text; path = bigdata.tr.txt; sourceTree = "<group>"; };
		CC40F0591BED78C50092877C /* COPYRIGHT */ = {isa = PBXFileReference; fileEncoding = 4; lastKnownFileType = text; path = COPYRIGHT; sourceTree = "<group>"; };
		CC40F05A1BED78C50092877C /* ffm-predict.cpp */ = {isa = PBXFileReference; fileEncoding = 4; lastKnownFileType = sourcecode.cpp.cpp; path = "ffm-predict.cpp"; sourceTree = "<group>"; };
		CC40F05B1BED78C50092877C /* ffm-train.cpp */ = {isa = PBXFileReference; fileEncoding = 4; lastKnownFileType = sourcecode.cpp.cpp; path = "ffm-train.cpp"; sourceTree = "<group>"; };
		CC40F05C1BED78C50092877C /* ffm.cpp */ = {isa = PBXFileReference; fileEncoding = 4; lastKnownFileType = sourcecode.cpp.cpp; path = ffm.cpp; sourceTree = "<group>"; };
		CC40F05D1BED78C50092877C /* ffm.h */ = {isa = PBXFileReference; fileEncoding = 4; lastKnownFileType = sourcecode.c.h; path = ffm.h; sourceTree = "<group>"; };
		CC40F05E1BED78C50092877C /* Makefile */ = {isa = PBXFileReference; fileEncoding = 4; lastKnownFileType = sourcecode.make; path = Makefile; sourceTree = "<group>"; };
		CC40F0651BED87270092877C /* libiomp5.dylib */ = {isa = PBXFileReference; lastKnownFileType = "compiled.mach-o.dylib"; name = libiomp5.dylib; path = ../../../../usr/local/Cellar/libiomp/20150701/lib/libiomp5.dylib; sourceTree = "<group>"; };
/* End PBXFileReference section */

/* Begin PBXFrameworksBuildPhase section */
		CC40F0471BECE6230092877C /* Frameworks */ = {
			isa = PBXFrameworksBuildPhase;
			buildActionMask = 2147483647;
			files = (
				CC40F0661BED87270092877C /* libiomp5.dylib in Frameworks */,
			);
			runOnlyForDeploymentPostprocessing = 0;
		};
/* End PBXFrameworksBuildPhase section */

/* Begin PBXGroup section */
		CC40F0411BECE6230092877C = {
			isa = PBXGroup;
			children = (
				CC40F0651BED87270092877C /* libiomp5.dylib */,
				CC40F04C1BECE6230092877C /* myOpenMP */,
				CC40F04B1BECE6230092877C /* Products */,
			);
			sourceTree = "<group>";
		};
		CC40F04B1BECE6230092877C /* Products */ = {
			isa = PBXGroup;
			children = (
				CC40F04A1BECE6230092877C /* myOpenMP */,
			);
			name = Products;
			sourceTree = "<group>";
		};
		CC40F04C1BECE6230092877C /* myOpenMP */ = {
			isa = PBXGroup;
			children = (
				CC40F0571BED78C50092877C /* bigdata.te.txt */,
				CC40F0581BED78C50092877C /* bigdata.tr.txt */,
				CC40F0591BED78C50092877C /* COPYRIGHT */,
				CC40F05A1BED78C50092877C /* ffm-predict.cpp */,
				CC40F05B1BED78C50092877C /* ffm-train.cpp */,
				CC40F05C1BED78C50092877C /* ffm.cpp */,
				CC40F05D1BED78C50092877C /* ffm.h */,
				CC40F05E1BED78C50092877C /* Makefile */,
				CC40F0541BECE69A0092877C /* hellp.c */,
				CC40F0551BECE69A0092877C /* hellp.h */,
			);
			path = myOpenMP;
			sourceTree = "<group>";
		};
/* End PBXGroup section */

/* Begin PBXNativeTarget section */
		CC40F0491BECE6230092877C /* myOpenMP */ = {
			isa = PBXNativeTarget;
			buildConfigurationList = CC40F0511BECE6230092877C /* Build configuration list for PBXNativeTarget "myOpenMP" */;
			buildPhases = (
				CC40F0461BECE6230092877C /* Sources */,
				CC40F0471BECE6230092877C /* Frameworks */,
				CC40F0481BECE6230092877C /* CopyFiles */,
			);
			buildRules = (
			);
			dependencies = (
			);
			name = myOpenMP;
			productName = myOpenMP;
			productReference = CC40F04A1BECE6230092877C /* myOpenMP */;
			productType = "com.apple.product-type.tool";
		};
/* End PBXNativeTarget section */

/* Begin PBXProject section */
		CC40F0421BECE6230092877C /* Project object */ = {
			isa = PBXProject;
			attributes = {
				LastUpgradeCheck = 0710;
				ORGANIZATIONNAME = "Tianhao Zhuang";
				TargetAttributes = {
					CC40F0491BECE6230092877C = {
						CreatedOnToolsVersion = 7.1;
					};
				};
			};
			buildConfigurationList = CC40F0451BECE6230092877C /* Build configuration list for PBXProject "myOpenMP" */;
			compatibilityVersion = "Xcode 3.2";
			developmentRegion = English;
			hasScannedForEncodings = 0;
			knownRegions = (
				en,
			);
			mainGroup = CC40F0411BECE6230092877C;
			productRefGroup = CC40F04B1BECE6230092877C /* Products */;
			projectDirPath = "";
			projectRoot = "";
			targets = (
				CC40F0491BECE6230092877C /* myOpenMP */,
			);
		};
/* End PBXProject section */

/* Begin PBXSourcesBuildPhase section */
		CC40F0461BECE6230092877C /* Sources */ = {
			isa = PBXSourcesBuildPhase;
			buildActionMask = 2147483647;
			files = (
				CC40F0621BED78C50092877C /* Makefile in Sources */,
				CC40F0561BECE69A0092877C /* hellp.c in Sources */,
				CC40F0611BED78C50092877C /* ffm.cpp in Sources */,
				CC40F05F1BED78C50092877C /* ffm-predict.cpp in Sources */,
				CC40F0601BED78C50092877C /* ffm-train.cpp in Sources */,
			);
			runOnlyForDeploymentPostprocessing = 0;
		};
/* End PBXSourcesBuildPhase section */

/* Begin XCBuildConfiguration section */
		CC40F04F1BECE6230092877C /* Debug */ = {
			isa = XCBuildConfiguration;
			buildSettings = {
				ALWAYS_SEARCH_USER_PATHS = NO;
				CLANG_CXX_LANGUAGE_STANDARD = "gnu++0x";
				CLANG_CXX_LIBRARY = "libc++";
				CLANG_ENABLE_MODULES = YES;
				CLANG_ENABLE_OBJC_ARC = YES;
				CLANG_WARN_BOOL_CONVERSION = YES;
				CLANG_WARN_CONSTANT_CONVERSION = YES;
				CLANG_WARN_DIRECT_OBJC_ISA_USAGE = YES_ERROR;
				CLANG_WARN_EMPTY_BODY = YES;
				CLANG_WARN_ENUM_CONVERSION = YES;
				CLANG_WARN_INT_CONVERSION = YES;
				CLANG_WARN_OBJC_ROOT_CLASS = YES_ERROR;
				CLANG_WARN_UNREACHABLE_CODE = YES;
				CLANG_WARN__DUPLICATE_METHOD_MATCH = YES;
				CODE_SIGN_IDENTITY = "-";
				COPY_PHASE_STRIP = NO;
				DEBUG_INFORMATION_FORMAT = dwarf;
				ENABLE_STRICT_OBJC_MSGSEND = YES;
				ENABLE_TESTABILITY = YES;
				GCC_C_LANGUAGE_STANDARD = gnu99;
				GCC_DYNAMIC_NO_PIC = NO;
				GCC_NO_COMMON_BLOCKS = YES;
				GCC_OPTIMIZATION_LEVEL = 0;
				GCC_PREPROCESSOR_DEFINITIONS = (
					"DEBUG=1",
					"$(inherited)",
				);
				GCC_WARN_64_TO_32_BIT_CONVERSION = YES;
				GCC_WARN_ABOUT_RETURN_TYPE = YES_ERROR;
				GCC_WARN_UNDECLARED_SELECTOR = YES;
				GCC_WARN_UNINITIALIZED_AUTOS = YES_AGGRESSIVE;
				GCC_WARN_UNUSED_FUNCTION = YES;
				GCC_WARN_UNUSED_VARIABLE = YES;
				MACOSX_DEPLOYMENT_TARGET = 10.10;
				MTL_ENABLE_DEBUG_INFO = YES;
				ONLY_ACTIVE_ARCH = YES;
				SDKROOT = macosx;
			};
			name = Debug;
		};
		CC40F0501BECE6230092877C /* Release */ = {
			isa = XCBuildConfiguration;
			buildSettings = {
				ALWAYS_SEARCH_USER_PATHS = NO;
				CLANG_CXX_LANGUAGE_STANDARD = "gnu++0x";
				CLANG_CXX_LIBRARY = "libc++";
				CLANG_ENABLE_MODULES = YES;
				CLANG_ENABLE_OBJC_ARC = YES;
				CLANG_WARN_BOOL_CONVERSION = YES;
				CLANG_WARN_CONSTANT_CONVERSION = YES;
				CLANG_WARN_DIRECT_OBJC_ISA_USAGE = YES_ERROR;
				CLANG_WARN_EMPTY_BODY = YES;
				CLANG_WARN_ENUM_CONVERSION = YES;
				CLANG_WARN_INT_CONVERSION = YES;
				CLANG_WARN_OBJC_ROOT_CLASS = YES_ERROR;
				CLANG_WARN_UNREACHABLE_CODE = YES;
				CLANG_WARN__DUPLICATE_METHOD_MATCH = YES;
				CODE_SIGN_IDENTITY = "-";
				COPY_PHASE_STRIP = NO;
				DEBUG_INFORMATION_FORMAT = "dwarf-with-dsym";
				ENABLE_NS_ASSERTIONS = NO;
				ENABLE_STRICT_OBJC_MSGSEND = YES;
				GCC_C_LANGUAGE_STANDARD = gnu99;
				GCC_NO_COMMON_BLOCKS = YES;
				GCC_WARN_64_TO_32_BIT_CONVERSION = YES;
				GCC_WARN_ABOUT_RETURN_TYPE = YES_ERROR;
				GCC_WARN_UNDECLARED_SELECTOR = YES;
				GCC_WARN_UNINITIALIZED_AUTOS = YES_AGGRESSIVE;
				GCC_WARN_UNUSED_FUNCTION = YES;
				GCC_WARN_UNUSED_VARIABLE = YES;
				MACOSX_DEPLOYMENT_TARGET = 10.10;
				MTL_ENABLE_DEBUG_INFO = NO;
				SDKROOT = macosx;
			};
			name = Release;
		};
		CC40F0521BECE6230092877C /* Debug */ = {
			isa = XCBuildConfiguration;
			buildSettings = {
				CC = "/usr/local/bin/clang-omp";
				CLANG_CXX_LANGUAGE_STANDARD = "c++0x";
				CLANG_ENABLE_MODULES = NO;
				HEADER_SEARCH_PATHS = /usr/local/include;
				LIBRARY_SEARCH_PATHS = (
					"$(inherited)",
					/usr/local/Cellar/libiomp/20150701/lib,
				);
				ONLY_ACTIVE_ARCH = NO;
				OTHER_CFLAGS = "-fopenmp";
				PRODUCT_NAME = "$(TARGET_NAME)";
			};
			name = Debug;
		};
		CC40F0531BECE6230092877C /* Release */ = {
			isa = XCBuildConfiguration;
			buildSettings = {
				CC = "/usr/local/bin/clang-omp";
				CLANG_CXX_LANGUAGE_STANDARD = "c++0x";
				CLANG_ENABLE_MODULES = NO;
				HEADER_SEARCH_PATHS = /usr/local/include;
				LIBRARY_SEARCH_PATHS = (
					"$(inherited)",
					/usr/local/Cellar/libiomp/20150701/lib,
				);
				ONLY_ACTIVE_ARCH = YES;
				OTHER_CFLAGS = "-fopenmp";
				PRODUCT_NAME = "$(TARGET_NAME)";
			};
			name = Release;
		};
/* End XCBuildConfiguration section */

/* Begin XCConfigurationList section */
		CC40F0451BECE6230092877C /* Build configuration list for PBXProject "myOpenMP" */ = {
			isa = XCConfigurationList;
			buildConfigurations = (
				CC40F04F1BECE6230092877C /* Debug */,
				CC40F0501BECE6230092877C /* Release */,
			);
			defaultConfigurationIsVisible = 0;
			defaultConfigurationName = Release;
		};
		CC40F0511BECE6230092877C /* Build configuration list for PBXNativeTarget "myOpenMP" */ = {
			isa = XCConfigurationList;
			buildConfigurations = (
				CC40F0521BECE6230092877C /* Debug */,
				CC40F0531BECE6230092877C /* Release */,
			);
			defaultConfigurationIsVisible = 0;
		};
/* End XCConfigurationList section */
	};
	rootObject = CC40F0421BECE6230092877C /* Project object */;
}
